
Microsoft Visual Studio Solution File, Format Version 11.00
# Visual Studio 2010
Project("{8BC9CEB8-8B4A-11D0-8D11-00A0C91BC942}") = "ctest", "ctest.vcxproj", "{8D142F79-7F5C-46DE-A375-90EE3DE68EBF}"
EndProject
Global
	GlobalSection(SolutionConfigurationPlatforms) = preSolution
		Debug|Win32 = Debug|Win32
		Release|Win32 = Release|Win32
	EndGlobalSection
	GlobalSection(ProjectConfigurationPlatforms) = postSolution
		{8D142F79-7F5C-46DE-A375-90EE3DE68EBF}.Debug|Win32.ActiveCfg = Debug|Win32
		{8D142F79-7F5C-46DE-A375-90EE3DE68EBF}.Debug|Win32.Build.0 = Debug|Win32
		{8D142F79-7F5C-46DE-A375-90EE3DE68EBF}.Release|Win32.ActiveCfg = Release|Win32
		{8D142F79-7F5C-46DE-A375-90EE3DE68EBF}.Release|Win32.Build.0 = Release|Win32
	EndGlobalSection
	GlobalSection(SolutionProperties) = preSolution
		HideSolutionNode = FALSE
	EndGlobalSection
EndGlobal
